
Microsoft Visual Studio Solution File, Format Version 12.00
# Visual Studio 15
VisualStudioVersion = 15.0.28307.1062
MinimumVisualStudioVersion = 10.0.40219.1
Project("{FAE04EC0-301F-11D3-BF4B-00C04F79EFBC}") = "Mission3C", "Mission3C\Mission3C.csproj", "{A8A80E10-BD50-4A1F-86C1-F8A97872ACA3}"
EndProject
Global
	GlobalSection(SolutionConfigurationPlatforms) = preSolution
		Debug|Any CPU = Debug|Any CPU
		Release|Any CPU = Release|Any CPU
	EndGlobalSection
	GlobalSection(ProjectConfigurationPlatforms) = postSolution
		{A8A80E10-BD50-4A1F-86C1-F8A97872ACA3}.Debug|Any CPU.ActiveCfg = Debug|Any CPU
		{A8A80E10-BD50-4A1F-86C1-F8A97872ACA3}.Debug|Any CPU.Build.0 = Debug|Any CPU
		{A8A80E10-BD50-4A1F-86C1-F8A97872ACA3}.Release|Any CPU.ActiveCfg = Release|Any CPU
		{A8A80E10-BD50-4A1F-86C1-F8A97872ACA3}.Release|Any CPU.Build.0 = Release|Any CPU
	EndGlobalSection
	GlobalSection(SolutionProperties) = preSolution
		HideSolutionNode = FALSE
	EndGlobalSection
	GlobalSection(ExtensibilityGlobals) = postSolution
		SolutionGuid = {ADA929E2-6076-46F4-9150-B2A3DAF7C6F1}
	EndGlobalSection
EndGlobal
